
Microsoft Visual Studio Solution File, Format Version 12.00
# Visual Studio Version 17
VisualStudioVersion = 17.14.36717.8 d17.14
MinimumVisualStudioVersion = 10.0.40219.1
Project("{FAE04EC0-301F-11D3-BF4B-00C04F79EFBC}") = "Day08", "Day08.csproj", "{AFF79051-5C67-45D5-B40B-FE98F2FDA1FB}"
EndProject
Global
	GlobalSection(SolutionConfigurationPlatforms) = preSolution
		Debug|Any CPU = Debug|Any CPU
		Release|Any CPU = Release|Any CPU
	EndGlobalSection
	GlobalSection(ProjectConfigurationPlatforms) = postSolution
		{AFF79051-5C67-45D5-B40B-FE98F2FDA1FB}.Debug|Any CPU.ActiveCfg = Debug|Any CPU
		{AFF79051-5C67-45D5-B40B-FE98F2FDA1FB}.Debug|Any CPU.Build.0 = Debug|Any CPU
		{AFF79051-5C67-45D5-B40B-FE98F2FDA1FB}.Release|Any CPU.ActiveCfg = Release|Any CPU
		{AFF79051-5C67-45D5-B40B-FE98F2FDA1FB}.Release|Any CPU.Build.0 = Release|Any CPU
	EndGlobalSection
	GlobalSection(SolutionProperties) = preSolution
		HideSolutionNode = FALSE
	EndGlobalSection
	GlobalSection(ExtensibilityGlobals) = postSolution
		SolutionGuid = {8774B636-9075-4717-A0B1-957AFF3C6578}
	EndGlobalSection
EndGlobal
