
Microsoft Visual Studio Solution File, Format Version 12.00
# Visual Studio Version 17
VisualStudioVersion = 17.14.36717.8 d17.14
MinimumVisualStudioVersion = 10.0.40219.1
Project("{FAE04EC0-301F-11D3-BF4B-00C04F79EFBC}") = "Day02", "Day02.csproj", "{CC1B3F9F-F530-4183-A51B-786A3B14C109}"
EndProject
Global
	GlobalSection(SolutionConfigurationPlatforms) = preSolution
		Debug|Any CPU = Debug|Any CPU
		Release|Any CPU = Release|Any CPU
	EndGlobalSection
	GlobalSection(ProjectConfigurationPlatforms) = postSolution
		{CC1B3F9F-F530-4183-A51B-786A3B14C109}.Debug|Any CPU.ActiveCfg = Debug|Any CPU
		{CC1B3F9F-F530-4183-A51B-786A3B14C109}.Debug|Any CPU.Build.0 = Debug|Any CPU
		{CC1B3F9F-F530-4183-A51B-786A3B14C109}.Release|Any CPU.ActiveCfg = Release|Any CPU
		{CC1B3F9F-F530-4183-A51B-786A3B14C109}.Release|Any CPU.Build.0 = Release|Any CPU
	EndGlobalSection
	GlobalSection(SolutionProperties) = preSolution
		HideSolutionNode = FALSE
	EndGlobalSection
	GlobalSection(ExtensibilityGlobals) = postSolution
		SolutionGuid = {7F444E19-2CC1-4E8D-8AB8-54A0CA9A7C14}
	EndGlobalSection
EndGlobal
