
Microsoft Visual Studio Solution File, Format Version 12.00
# Visual Studio Version 17
VisualStudioVersion = 17.14.36717.8 d17.14
MinimumVisualStudioVersion = 10.0.40219.1
Project("{FAE04EC0-301F-11D3-BF4B-00C04F79EFBC}") = "Day05", "Day05.csproj", "{3B4A6138-3BC3-47E3-9169-C8662006F310}"
EndProject
Global
	GlobalSection(SolutionConfigurationPlatforms) = preSolution
		Debug|Any CPU = Debug|Any CPU
		Release|Any CPU = Release|Any CPU
	EndGlobalSection
	GlobalSection(ProjectConfigurationPlatforms) = postSolution
		{3B4A6138-3BC3-47E3-9169-C8662006F310}.Debug|Any CPU.ActiveCfg = Debug|Any CPU
		{3B4A6138-3BC3-47E3-9169-C8662006F310}.Debug|Any CPU.Build.0 = Debug|Any CPU
		{3B4A6138-3BC3-47E3-9169-C8662006F310}.Release|Any CPU.ActiveCfg = Release|Any CPU
		{3B4A6138-3BC3-47E3-9169-C8662006F310}.Release|Any CPU.Build.0 = Release|Any CPU
	EndGlobalSection
	GlobalSection(SolutionProperties) = preSolution
		HideSolutionNode = FALSE
	EndGlobalSection
	GlobalSection(ExtensibilityGlobals) = postSolution
		SolutionGuid = {7C2DFA80-C374-436C-A392-2BEED9547184}
	EndGlobalSection
EndGlobal
